
Microsoft Visual Studio Solution File, Format Version 12.00
# Visual Studio 15
VisualStudioVersion = 15.0.27703.2042
MinimumVisualStudioVersion = 10.0.40219.1
Project("{FAE04EC0-301F-11D3-BF4B-00C04F79EFBC}") = "Chat.API", "Chat.API\Chat.API.csproj", "{4B514092-33F3-453B-8C99-D5666404BAF9}"
EndProject
Global
	GlobalSection(SolutionConfigurationPlatforms) = preSolution
		Debug|Any CPU = Debug|Any CPU
		Release|Any CPU = Release|Any CPU
	EndGlobalSection
	GlobalSection(ProjectConfigurationPlatforms) = postSolution
		{4B514092-33F3-453B-8C99-D5666404BAF9}.Debug|Any CPU.ActiveCfg = Debug|Any CPU
		{4B514092-33F3-453B-8C99-D5666404BAF9}.Debug|Any CPU.Build.0 = Debug|Any CPU
		{4B514092-33F3-453B-8C99-D5666404BAF9}.Release|Any CPU.ActiveCfg = Release|Any CPU
		{4B514092-33F3-453B-8C99-D5666404BAF9}.Release|Any CPU.Build.0 = Release|Any CPU
	EndGlobalSection
	GlobalSection(SolutionProperties) = preSolution
		HideSolutionNode = FALSE
	EndGlobalSection
	GlobalSection(ExtensibilityGlobals) = postSolution
		SolutionGuid = {36484A2B-4DA1-4E9F-9078-9B4AE23E6651}
	EndGlobalSection
EndGlobal
